// !$*UTF8*$!
{
	archiveVersion = 1;
	classes = {
	};
	objectVersion = 46;
	objects = {

/* Begin PBXBuildFile section */
		2FDFF70618D0B3FB00BD60EF /* Main_iPad.storyboard in Resources */ = {isa = PBXBuildFile; fileRef = 2FDFF70518D0B3FB00BD60EF /* Main_iPad.storyboard */; };
		2FDFF70818D0B40400BD60EF /* Main_iPhone.storyboard in Resources */ = {isa = PBXBuildFile; fileRef = 2FDFF70718D0B40400BD60EF /* Main_iPhone.storyboard */; };
		E1B0DA95189AEE0600EAE287 /* Foundation.framework in Frameworks */ = {isa = PBXBuildFile; fileRef = E1B0DA94189AEE0600EAE287 /* Foundation.framework */; };
		E1B0DA97189AEE0600EAE287 /* CoreGraphics.framework in Frameworks */ = {isa = PBXBuildFile; fileRef = E1B0DA96189AEE0600EAE287 /* CoreGraphics.framework */; };
		E1B0DA99189AEE0600EAE287 /* UIKit.framework in Frameworks */ = {isa = PBXBuildFile; fileRef = E1B0DA98189AEE0600EAE287 /* UIKit.framework */; };
		E1B0DA9B189AEE0600EAE287 /* GLKit.framework in Frameworks */ = {isa = PBXBuildFile; fileRef = E1B0DA9A189AEE0600EAE287 /* GLKit.framework */; };
		E1B0DA9D189AEE0600EAE287 /* OpenGLES.framework in Frameworks */ = {isa = PBXBuildFile; fileRef = E1B0DA9C189AEE0600EAE287 /* OpenGLES.framework */; };
		E1B0DAA3189AEE0600EAE287 /* InfoPlist.strings in Resources */ = {isa = PBXBuildFile; fileRef = E1B0DAA1189AEE0600EAE287 /* InfoPlist.strings */; };
		E1B0DAA5189AEE0600EAE287 /* main.m in Sources */ = {isa = PBXBuildFile; fileRef = E1B0DAA4189AEE0600EAE287 /* main.m */; };
		E1B0DAA9189AEE0600EAE287 /* AppDelegate.m in Sources */ = {isa = PBXBuildFile; fileRef = E1B0DAA8189AEE0600EAE287 /* AppDelegate.m */; };
		E1B0DAB6189AEE0600EAE287 /* ViewController.m in Sources */ = {isa = PBXBuildFile; fileRef = E1B0DAB5189AEE0600EAE287 /* ViewController.m */; };
		E1B0DAB8189AEE0600EAE287 /* Images.xcassets in Resources */ = {isa = PBXBuildFile; fileRef = E1B0DAB7189AEE0600EAE287 /* Images.xcassets */; };
		E1B0DABF189AEE0600EAE287 /* XCTest.framework in Frameworks */ = {isa = PBXBuildFile; fileRef = E1B0DABE189AEE0600EAE287 /* XCTest.framework */; };
		E1B0DAC0189AEE0700EAE287 /* Foundation.framework in Frameworks */ = {isa = PBXBuildFile; fileRef = E1B0DA94189AEE0600EAE287 /* Foundation.framework */; };
		E1B0DAC1189AEE0700EAE287 /* UIKit.framework in Frameworks */ = {isa = PBXBuildFile; fileRef = E1B0DA98189AEE0600EAE287 /* UIKit.framework */; };
		E1B0DAC9189AEE0700EAE287 /* InfoPlist.strings in Resources */ = {isa = PBXBuildFile; fileRef = E1B0DAC7189AEE0700EAE287 /* InfoPlist.strings */; };
		E1B0DACB189AEE0700EAE287 /* TransformationsTests.m in Sources */ = {isa = PBXBuildFile; fileRef = E1B0DACA189AEE0700EAE287 /* TransformationsTests.m */; };
/* End PBXBuildFile section */

/* Begin PBXContainerItemProxy section */
		E1B0DAC2189AEE0700EAE287 /* PBXContainerItemProxy */ = {
			isa = PBXContainerItemProxy;
			containerPortal = E1B0DA89189AEE0600EAE287 /* Project object */;
			proxyType = 1;
			remoteGlobalIDString = E1B0DA90189AEE0600EAE287;
			remoteInfo = Transformations;
		};
/* End PBXContainerItemProxy section */

/* Begin PBXFileReference section */
		2FDFF70518D0B3FB00BD60EF /* Main_iPad.storyboard */ = {isa = PBXFileReference; fileEncoding = 4; lastKnownFileType = file.storyboard; path = Main_iPad.storyboard; sourceTree = "<group>"; };
		2FDFF70718D0B40400BD60EF /* Main_iPhone.storyboard */ = {isa = PBXFileReference; fileEncoding = 4; lastKnownFileType = file.storyboard; path = Main_iPhone.storyboard; sourceTree = "<group>"; };
		E1B0DA91189AEE0600EAE287 /* Transformations.app */ = {isa = PBXFileReference; explicitFileType = wrapper.application; includeInIndex = 0; path = Transformations.app; sourceTree = BUILT_PRODUCTS_DIR; };
		E1B0DA94189AEE0600EAE287 /* Foundation.framework */ = {isa = PBXFileReference; lastKnownFileType = wrapper.framework; name = Foundation.framework; path = System/Library/Frameworks/Foundation.framework; sourceTree = SDKROOT; };
		E1B0DA96189AEE0600EAE287 /* CoreGraphics.framework */ = {isa = PBXFileReference; lastKnownFileType = wrapper.framework; name = CoreGraphics.framework; path = System/Library/Frameworks/CoreGraphics.framework; sourceTree = SDKROOT; };
		E1B0DA98189AEE0600EAE287 /* UIKit.framework */ = {isa = PBXFileReference; lastKnownFileType = wrapper.framework; name = UIKit.framework; path = System/Library/Frameworks/UIKit.framework; sourceTree = SDKROOT; };
		E1B0DA9A189AEE0600EAE287 /* GLKit.framework */ = {isa = PBXFileReference; lastKnownFileType = wrapper.framework; name = GLKit.framework; path = System/Library/Frameworks/GLKit.framework; sourceTree = SDKROOT; };
		E1B0DA9C189AEE0600EAE287 /* OpenGLES.framework */ = {isa = PBXFileReference; lastKnownFileType = wrapper.framework; name = OpenGLES.framework; path = System/Library/Frameworks/OpenGLES.framework; sourceTree = SDKROOT; };
		E1B0DAA0189AEE0600EAE287 /* Transformations-Info.plist */ = {isa = PBXFileReference; lastKnownFileType = text.plist.xml; path = "Transformations-Info.plist"; sourceTree = "<group>"; };
		E1B0DAA2189AEE0600EAE287 /* en */ = {isa = PBXFileReference; lastKnownFileType = text.plist.strings; name = en; path = en.lproj/InfoPlist.strings; sourceTree = "<group>"; };
		E1B0DAA4189AEE0600EAE287 /* main.m */ = {isa = PBXFileReference; lastKnownFileType = sourcecode.c.objc; path = main.m; sourceTree = "<group>"; };
		E1B0DAA6189AEE0600EAE287 /* Transformations-Prefix.pch */ = {isa = PBXFileReference; lastKnownFileType = sourcecode.c.h; path = "Transformations-Prefix.pch"; sourceTree = "<group>"; };
		E1B0DAA7189AEE0600EAE287 /* AppDelegate.h */ = {isa = PBXFileReference; lastKnownFileType = sourcecode.c.h; path = AppDelegate.h; sourceTree = "<group>"; };
		E1B0DAA8189AEE0600EAE287 /* AppDelegate.m */ = {isa = PBXFileReference; lastKnownFileType = sourcecode.c.objc; path = AppDelegate.m; sourceTree = "<group>"; };
		E1B0DAB4189AEE0600EAE287 /* ViewController.h */ = {isa = PBXFileReference; lastKnownFileType = sourcecode.c.h; path = ViewController.h; sourceTree = "<group>"; };
		E1B0DAB5189AEE0600EAE287 /* ViewController.m */ = {isa = PBXFileReference; lastKnownFileType = sourcecode.c.objc; path = ViewController.m; sourceTree = "<group>"; };
		E1B0DAB7189AEE0600EAE287 /* Images.xcassets */ = {isa = PBXFileReference; lastKnownFileType = folder.assetcatalog; path = Images.xcassets; sourceTree = "<group>"; };
		E1B0DABD189AEE0600EAE287 /* TransformationsTests.xctest */ = {isa = PBXFileReference; explicitFileType = wrapper.cfbundle; includeInIndex = 0; path = TransformationsTests.xctest; sourceTree = BUILT_PRODUCTS_DIR; };
		E1B0DABE189AEE0600EAE287 /* XCTest.framework */ = {isa = PBXFileReference; lastKnownFileType = wrapper.framework; name = XCTest.framework; path = Library/Frameworks/XCTest.framework; sourceTree = DEVELOPER_DIR; };
		E1B0DAC6189AEE0700EAE287 /* TransformationsTests-Info.plist */ = {isa = PBXFileReference; lastKnownFileType = text.plist.xml; path = "TransformationsTests-Info.plist"; sourceTree = "<group>"; };
		E1B0DAC8189AEE0700EAE287 /* en */ = {isa = PBXFileReference; lastKnownFileType = text.plist.strings; name = en; path = en.lproj/InfoPlist.strings; sourceTree = "<group>"; };
		E1B0DACA189AEE0700EAE287 /* TransformationsTests.m */ = {isa = PBXFileReference; lastKnownFileType = sourcecode.c.objc; path = TransformationsTests.m; sourceTree = "<group>"; };
/* End PBXFileReference section */

/* Begin PBXFrameworksBuildPhase section */
		E1B0DA8E189AEE0600EAE287 /* Frameworks */ = {
			isa = PBXFrameworksBuildPhase;
			buildActionMask = 2147483647;
			files = (
				E1B0DA9D189AEE0600EAE287 /* OpenGLES.framework in Frameworks */,
				E1B0DA97189AEE0600EAE287 /* CoreGraphics.framework in Frameworks */,
				E1B0DA99189AEE0600EAE287 /* UIKit.framework in Frameworks */,
				E1B0DA9B189AEE0600EAE287 /* GLKit.framework in Frameworks */,
				E1B0DA95189AEE0600EAE287 /* Foundation.framework in Frameworks */,
			);
			runOnlyForDeploymentPostprocessing = 0;
		};
		E1B0DABA189AEE0600EAE287 /* Frameworks */ = {
			isa = PBXFrameworksBuildPhase;
			buildActionMask = 2147483647;
			files = (
				E1B0DABF189AEE0600EAE287 /* XCTest.framework in Frameworks */,
				E1B0DAC1189AEE0700EAE287 /* UIKit.framework in Frameworks */,
				E1B0DAC0189AEE0700EAE287 /* Foundation.framework in Frameworks */,
			);
			runOnlyForDeploymentPostprocessing = 0;
		};
/* End PBXFrameworksBuildPhase section */

/* Begin PBXGroup section */
		E1B0DA88189AEE0600EAE287 = {
			isa = PBXGroup;
			children = (
				E1B0DA9E189AEE0600EAE287 /* Transformations */,
				E1B0DAC4189AEE0700EAE287 /* TransformationsTests */,
				E1B0DA93189AEE0600EAE287 /* Frameworks */,
				E1B0DA92189AEE0600EAE287 /* Products */,
			);
			sourceTree = "<group>";
		};
		E1B0DA92189AEE0600EAE287 /* Products */ = {
			isa = PBXGroup;
			children = (
				E1B0DA91189AEE0600EAE287 /* Transformations.app */,
				E1B0DABD189AEE0600EAE287 /* TransformationsTests.xctest */,
			);
			name = Products;
			sourceTree = "<group>";
		};
		E1B0DA93189AEE0600EAE287 /* Frameworks */ = {
			isa = PBXGroup;
			children = (
				E1B0DA94189AEE0600EAE287 /* Foundation.framework */,
				E1B0DA96189AEE0600EAE287 /* CoreGraphics.framework */,
				E1B0DA98189AEE0600EAE287 /* UIKit.framework */,
				E1B0DA9A189AEE0600EAE287 /* GLKit.framework */,
				E1B0DA9C189AEE0600EAE287 /* OpenGLES.framework */,
				E1B0DABE189AEE0600EAE287 /* XCTest.framework */,
			);
			name = Frameworks;
			sourceTree = "<group>";
		};
		E1B0DA9E189AEE0600EAE287 /* Transformations */ = {
			isa = PBXGroup;
			children = (
				2FDFF70718D0B40400BD60EF /* Main_iPhone.storyboard */,
				2FDFF70518D0B3FB00BD60EF /* Main_iPad.storyboard */,
				E1B0DAA7189AEE0600EAE287 /* AppDelegate.h */,
				E1B0DAA8189AEE0600EAE287 /* AppDelegate.m */,
				E1B0DAB4189AEE0600EAE287 /* ViewController.h */,
				E1B0DAB5189AEE0600EAE287 /* ViewController.m */,
				E1B0DAB7189AEE0600EAE287 /* Images.xcassets */,
				E1B0DA9F189AEE0600EAE287 /* Supporting Files */,
			);
			path = Transformations;
			sourceTree = "<group>";
		};
		E1B0DA9F189AEE0600EAE287 /* Supporting Files */ = {
			isa = PBXGroup;
			children = (
				E1B0DAA0189AEE0600EAE287 /* Transformations-Info.plist */,
				E1B0DAA1189AEE0600EAE287 /* InfoPlist.strings */,
				E1B0DAA4189AEE0600EAE287 /* main.m */,
				E1B0DAA6189AEE0600EAE287 /* Transformations-Prefix.pch */,
			);
			name = "Supporting Files";
			sourceTree = "<group>";
		};
		E1B0DAC4189AEE0700EAE287 /* TransformationsTests */ = {
			isa = PBXGroup;
			children = (
				E1B0DACA189AEE0700EAE287 /* TransformationsTests.m */,
				E1B0DAC5189AEE0700EAE287 /* Supporting Files */,
			);
			path = TransformationsTests;
			sourceTree = "<group>";
		};
		E1B0DAC5189AEE0700EAE287 /* Supporting Files */ = {
			isa = PBXGroup;
			children = (
				E1B0DAC6189AEE0700EAE287 /* TransformationsTests-Info.plist */,
				E1B0DAC7189AEE0700EAE287 /* InfoPlist.strings */,
			);
			name = "Supporting Files";
			sourceTree = "<group>";
		};
/* End PBXGroup section */

/* Begin PBXNativeTarget section */
		E1B0DA90189AEE0600EAE287 /* Transformations */ = {
			isa = PBXNativeTarget;
			buildConfigurationList = E1B0DACE189AEE0700EAE287 /* Build configuration list for PBXNativeTarget "Transformations" */;
			buildPhases = (
				E1B0DA8D189AEE0600EAE287 /* Sources */,
				E1B0DA8E189AEE0600EAE287 /* Frameworks */,
				E1B0DA8F189AEE0600EAE287 /* Resources */,
			);
			buildRules = (
			);
			dependencies = (
			);
			name = Transformations;
			productName = Transformations;
			productReference = E1B0DA91189AEE0600EAE287 /* Transformations.app */;
			productType = "com.apple.product-type.application";
		};
		E1B0DABC189AEE0600EAE287 /* TransformationsTests */ = {
			isa = PBXNativeTarget;
			buildConfigurationList = E1B0DAD1189AEE0700EAE287 /* Build configuration list for PBXNativeTarget "TransformationsTests" */;
			buildPhases = (
				E1B0DAB9189AEE0600EAE287 /* Sources */,
				E1B0DABA189AEE0600EAE287 /* Frameworks */,
				E1B0DABB189AEE0600EAE287 /* Resources */,
			);
			buildRules = (
			);
			dependencies = (
				E1B0DAC3189AEE0700EAE287 /* PBXTargetDependency */,
			);
			name = TransformationsTests;
			productName = TransformationsTests;
			productReference = E1B0DABD189AEE0600EAE287 /* TransformationsTests.xctest */;
			productType = "com.apple.product-type.bundle.unit-test";
		};
/* End PBXNativeTarget section */

/* Begin PBXProject section */
		E1B0DA89189AEE0600EAE287 /* Project object */ = {
			isa = PBXProject;
			attributes = {
				LastUpgradeCheck = 0500;
				ORGANIZATIONNAME = "Minglun Gong";
				TargetAttributes = {
					E1B0DA90189AEE0600EAE287 = {
						DevelopmentTeam = AWCRMQBEL6;
					};
					E1B0DABC189AEE0600EAE287 = {
						TestTargetID = E1B0DA90189AEE0600EAE287;
					};
				};
			};
			buildConfigurationList = E1B0DA8C189AEE0600EAE287 /* Build configuration list for PBXProject "Transformations" */;
			compatibilityVersion = "Xcode 3.2";
			developmentRegion = English;
			hasScannedForEncodings = 0;
			knownRegions = (
				en,
				Base,
			);
			mainGroup = E1B0DA88189AEE0600EAE287;
			productRefGroup = E1B0DA92189AEE0600EAE287 /* Products */;
			projectDirPath = "";
			projectRoot = "";
			targets = (
				E1B0DA90189AEE0600EAE287 /* Transformations */,
				E1B0DABC189AEE0600EAE287 /* TransformationsTests */,
			);
		};
/* End PBXProject section */

/* Begin PBXResourcesBuildPhase section */
		E1B0DA8F189AEE0600EAE287 /* Resources */ = {
			isa = PBXResourcesBuildPhase;
			buildActionMask = 2147483647;
			files = (
				2FDFF70818D0B40400BD60EF /* Main_iPhone.storyboard in Resources */,
				2FDFF70618D0B3FB00BD60EF /* Main_iPad.storyboard in Resources */,
				E1B0DAB8189AEE0600EAE287 /* Images.xcassets in Resources */,
				E1B0DAA3189AEE0600EAE287 /* InfoPlist.strings in Resources */,
			);
			runOnlyForDeploymentPostprocessing = 0;
		};
		E1B0DABB189AEE0600EAE287 /* Resources */ = {
			isa = PBXResourcesBuildPhase;
			buildActionMask = 2147483647;
			files = (
				E1B0DAC9189AEE0700EAE287 /* InfoPlist.strings in Resources */,
			);
			runOnlyForDeploymentPostprocessing = 0;
		};
/* End PBXResourcesBuildPhase section */

/* Begin PBXSourcesBuildPhase section */
		E1B0DA8D189AEE0600EAE287 /* Sources */ = {
			isa = PBXSourcesBuildPhase;
			buildActionMask = 2147483647;
			files = (
				E1B0DAB6189AEE0600EAE287 /* ViewController.m in Sources */,
				E1B0DAA9189AEE0600EAE287 /* AppDelegate.m in Sources */,
				E1B0DAA5189AEE0600EAE287 /* main.m in Sources */,
			);
			runOnlyForDeploymentPostprocessing = 0;
		};
		E1B0DAB9189AEE0600EAE287 /* Sources */ = {
			isa = PBXSourcesBuildPhase;
			buildActionMask = 2147483647;
			files = (
				E1B0DACB189AEE0700EAE287 /* TransformationsTests.m in Sources */,
			);
			runOnlyForDeploymentPostprocessing = 0;
		};
/* End PBXSourcesBuildPhase section */

/* Begin PBXTargetDependency section */
		E1B0DAC3189AEE0700EAE287 /* PBXTargetDependency */ = {
			isa = PBXTargetDependency;
			target = E1B0DA90189AEE0600EAE287 /* Transformations */;
			targetProxy = E1B0DAC2189AEE0700EAE287 /* PBXContainerItemProxy */;
		};
/* End PBXTargetDependency section */

/* Begin PBXVariantGroup section */
		E1B0DAA1189AEE0600EAE287 /* InfoPlist.strings */ = {
			isa = PBXVariantGroup;
			children = (
				E1B0DAA2189AEE0600EAE287 /* en */,
			);
			name = InfoPlist.strings;
			sourceTree = "<group>";
		};
		E1B0DAC7189AEE0700EAE287 /* InfoPlist.strings */ = {
			isa = PBXVariantGroup;
			children = (
				E1B0DAC8189AEE0700EAE287 /* en */,
			);
			name = InfoPlist.strings;
			sourceTree = "<group>";
		};
/* End PBXVariantGroup section */

/* Begin XCBuildConfiguration section */
		E1B0DACC189AEE0700EAE287 /* Debug */ = {
			isa = XCBuildConfiguration;
			buildSettings = {
				ALWAYS_SEARCH_USER_PATHS = NO;
				ARCHS = "$(ARCHS_STANDARD_INCLUDING_64_BIT)";
				CLANG_CXX_LANGUAGE_STANDARD = "gnu++0x";
				CLANG_CXX_LIBRARY = "libc++";
				CLANG_ENABLE_MODULES = YES;
				CLANG_ENABLE_OBJC_ARC = YES;
				CLANG_WARN_BOOL_CONVERSION = YES;
				CLANG_WARN_CONSTANT_CONVERSION = YES;
				CLANG_WARN_DIRECT_OBJC_ISA_USAGE = YES_ERROR;
				CLANG_WARN_EMPTY_BODY = YES;
				CLANG_WARN_ENUM_CONVERSION = YES;
				CLANG_WARN_INT_CONVERSION = YES;
				CLANG_WARN_OBJC_ROOT_CLASS = YES_ERROR;
				CLANG_WARN__DUPLICATE_METHOD_MATCH = YES;
				"CODE_SIGN_IDENTITY[sdk=iphoneos*]" = "iPhone Developer";
				COPY_PHASE_STRIP = NO;
				GCC_C_LANGUAGE_STANDARD = gnu99;
				GCC_DYNAMIC_NO_PIC = NO;
				GCC_OPTIMIZATION_LEVEL = 0;
				GCC_PREPROCESSOR_DEFINITIONS = (
					"DEBUG=1",
					"$(inherited)",
				);
				GCC_SYMBOLS_PRIVATE_EXTERN = NO;
				GCC_WARN_64_TO_32_BIT_CONVERSION = YES;
				GCC_WARN_ABOUT_RETURN_TYPE = YES_ERROR;
				GCC_WARN_UNDECLARED_SELECTOR = YES;
				GCC_WARN_UNINITIALIZED_AUTOS = YES;
				GCC_WARN_UNUSED_FUNCTION = YES;
				GCC_WARN_UNUSED_VARIABLE = YES;
				IPHONEOS_DEPLOYMENT_TARGET = 7.0;
				ONLY_ACTIVE_ARCH = YES;
				SDKROOT = iphoneos;
				TARGETED_DEVICE_FAMILY = "1,2";
			};
			name = Debug;
		};
		E1B0DACD189AEE0700EAE287 /* Release */ = {
			isa = XCBuildConfiguration;
			buildSettings = {
				ALWAYS_SEARCH_USER_PATHS = NO;
				ARCHS = "$(ARCHS_STANDARD_INCLUDING_64_BIT)";
				CLANG_CXX_LANGUAGE_STANDARD = "gnu++0x";
				CLANG_CXX_LIBRARY = "libc++";
				CLANG_ENABLE_MODULES = YES;
				CLANG_ENABLE_OBJC_ARC = YES;
				CLANG_WARN_BOOL_CONVERSION = YES;
				CLANG_WARN_CONSTANT_CONVERSION = YES;
				CLANG_WARN_DIRECT_OBJC_ISA_USAGE = YES_ERROR;
				CLANG_WARN_EMPTY_BODY = YES;
				CLANG_WARN_ENUM_CONVERSION = YES;
				CLANG_WARN_INT_CONVERSION = YES;
				CLANG_WARN_OBJC_ROOT_CLASS = YES_ERROR;
				CLANG_WARN__DUPLICATE_METHOD_MATCH = YES;
				"CODE_SIGN_IDENTITY[sdk=iphoneos*]" = "iPhone Developer";
				COPY_PHASE_STRIP = YES;
				ENABLE_NS_ASSERTIONS = NO;
				GCC_C_LANGUAGE_STANDARD = gnu99;
				GCC_WARN_64_TO_32_BIT_CONVERSION = YES;
				GCC_WARN_ABOUT_RETURN_TYPE = YES_ERROR;
				GCC_WARN_UNDECLARED_SELECTOR = YES;
				GCC_WARN_UNINITIALIZED_AUTOS = YES;
				GCC_WARN_UNUSED_FUNCTION = YES;
				GCC_WARN_UNUSED_VARIABLE = YES;
				IPHONEOS_DEPLOYMENT_TARGET = 7.0;
				SDKROOT = iphoneos;
				TARGETED_DEVICE_FAMILY = "1,2";
				VALIDATE_PRODUCT = YES;
			};
			name = Release;
		};
		E1B0DACF189AEE0700EAE287 /* Debug */ = {
			isa = XCBuildConfiguration;
			buildSettings = {
				ASSETCATALOG_COMPILER_APPICON_NAME = AppIcon;
				ASSETCATALOG_COMPILER_LAUNCHIMAGE_NAME = LaunchImage;
				CODE_SIGN_IDENTITY = "iPhone Developer";
				"CODE_SIGN_IDENTITY[sdk=iphoneos*]" = "iPhone Developer";
				GCC_PRECOMPILE_PREFIX_HEADER = YES;
				GCC_PREFIX_HEADER = "Transformations/Transformations-Prefix.pch";
				INFOPLIST_FILE = "Transformations/Transformations-Info.plist";
				IPHONEOS_DEPLOYMENT_TARGET = 6.1;
				PRODUCT_NAME = "$(TARGET_NAME)";
				PROVISIONING_PROFILE = "";
				WRAPPER_EXTENSION = app;
			};
			name = Debug;
		};
		E1B0DAD0189AEE0700EAE287 /* Release */ = {
			isa = XCBuildConfiguration;
			buildSettings = {
				ASSETCATALOG_COMPILER_APPICON_NAME = AppIcon;
				ASSETCATALOG_COMPILER_LAUNCHIMAGE_NAME = LaunchImage;
				CODE_SIGN_IDENTITY = "iPhone Developer";
				"CODE_SIGN_IDENTITY[sdk=iphoneos*]" = "iPhone Developer";
				GCC_PRECOMPILE_PREFIX_HEADER = YES;
				GCC_PREFIX_HEADER = "Transformations/Transformations-Prefix.pch";
				INFOPLIST_FILE = "Transformations/Transformations-Info.plist";
				IPHONEOS_DEPLOYMENT_TARGET = 6.1;
				PRODUCT_NAME = "$(TARGET_NAME)";
				PROVISIONING_PROFILE = "";
				WRAPPER_EXTENSION = app;
			};
			name = Release;
		};
		E1B0DAD2189AEE0700EAE287 /* Debug */ = {
			isa = XCBuildConfiguration;
			buildSettings = {
				ARCHS = "$(ARCHS_STANDARD_INCLUDING_64_BIT)";
				BUNDLE_LOADER = "$(BUILT_PRODUCTS_DIR)/Transformations.app/Transformations";
				FRAMEWORK_SEARCH_PATHS = (
					"$(SDKROOT)/Developer/Library/Frameworks",
					"$(inherited)",
					"$(DEVELOPER_FRAMEWORKS_DIR)",
				);
				GCC_PRECOMPILE_PREFIX_HEADER = YES;
				GCC_PREFIX_HEADER = "Transformations/Transformations-Prefix.pch";
				GCC_PREPROCESSOR_DEFINITIONS = (
					"DEBUG=1",
					"$(inherited)",
				);
				INFOPLIST_FILE = "TransformationsTests/TransformationsTests-Info.plist";
				PRODUCT_NAME = "$(TARGET_NAME)";
				TEST_HOST = "$(BUNDLE_LOADER)";
				WRAPPER_EXTENSION = xctest;
			};
			name = Debug;
		};
		E1B0DAD3189AEE0700EAE287 /* Release */ = {
			isa = XCBuildConfiguration;
			buildSettings = {
				ARCHS = "$(ARCHS_STANDARD_INCLUDING_64_BIT)";
				BUNDLE_LOADER = "$(BUILT_PRODUCTS_DIR)/Transformations.app/Transformations";
				FRAMEWORK_SEARCH_PATHS = (
					"$(SDKROOT)/Developer/Library/Frameworks",
					"$(inherited)",
					"$(DEVELOPER_FRAMEWORKS_DIR)",
				);
				GCC_PRECOMPILE_PREFIX_HEADER = YES;
				GCC_PREFIX_HEADER = "Transformations/Transformations-Prefix.pch";
				INFOPLIST_FILE = "TransformationsTests/TransformationsTests-Info.plist";
				PRODUCT_NAME = "$(TARGET_NAME)";
				TEST_HOST = "$(BUNDLE_LOADER)";
				WRAPPER_EXTENSION = xctest;
			};
			name = Release;
		};
/* End XCBuildConfiguration section */

/* Begin XCConfigurationList section */
		E1B0DA8C189AEE0600EAE287 /* Build configuration list for PBXProject "Transformations" */ = {
			isa = XCConfigurationList;
			buildConfigurations = (
				E1B0DACC189AEE0700EAE287 /* Debug */,
				E1B0DACD189AEE0700EAE287 /* Release */,
			);
			defaultConfigurationIsVisible = 0;
			defaultConfigurationName = Release;
		};
		E1B0DACE189AEE0700EAE287 /* Build configuration list for PBXNativeTarget "Transformations" */ = {
			isa = XCConfigurationList;
			buildConfigurations = (
				E1B0DACF189AEE0700EAE287 /* Debug */,
				E1B0DAD0189AEE0700EAE287 /* Release */,
			);
			defaultConfigurationIsVisible = 0;
			defaultConfigurationName = Release;
		};
		E1B0DAD1189AEE0700EAE287 /* Build configuration list for PBXNativeTarget "TransformationsTests" */ = {
			isa = XCConfigurationList;
			buildConfigurations = (
				E1B0DAD2189AEE0700EAE287 /* Debug */,
				E1B0DAD3189AEE0700EAE287 /* Release */,
			);
			defaultConfigurationIsVisible = 0;
			defaultConfigurationName = Release;
		};
/* End XCConfigurationList section */
	};
	rootObject = E1B0DA89189AEE0600EAE287 /* Project object */;
}
